version = 1
revision = 2
requires-python = ">=3.6"

[[package]]
name = "a"
version = "0.0.0"
source = { virtual = "." }
dependencies = [
    { name = "six" },
]

[package.metadata]
requires-dist = [{ name = "six", specifier = "==1.15.0" }]

[[package]]
name = "six"
version = "1.15.0"
source = { registry = "https://pypi.org/simple" }
sdist = { url = "https://files.pythonhosted.org/packages/6b/34/415834bfdafca3c5f451532e8a8d9ba89a21c9743a0c59fbd0205c7f9426/six-1.15.0.tar.gz", hash = "sha256:30639c035cdb23534cd4aa2dd52c3bf48f06e5f4a941509c8bafd8ce11080259", size = 33917, upload-time = "2020-05-21T15:25:55.142Z" }
wheels = [
    { url = "https://files.pythonhosted.org/packages/ee/ff/48bde5c0f013094d729fe4b0316ba2a24774b3ff1c52d924a8a4cb04078a/six-1.15.0-py2.py3-none-any.whl", hash = "sha256:8b74bedcbbbaca38ff6d7491d76f2b06b3592611af620f8426e82dddb04a5ced", size = 10963, upload-time = "2020-05-21T15:25:54.177Z" },
]
